
Microsoft Visual Studio Solution File, Format Version 12.00
# Visual Studio Version 16
VisualStudioVersion = 16.0.30611.23
MinimumVisualStudioVersion = 10.0.40219.1
Project("{FAE04EC0-301F-11D3-BF4B-00C04F79EFBC}") = "devops", "devops\devops.csproj", "{5060BC31-930B-4365-9BB6-8C3C805B20DB}"
EndProject
Global
	GlobalSection(SolutionConfigurationPlatforms) = preSolution
		Debug|Any CPU = Debug|Any CPU
		Release|Any CPU = Release|Any CPU
	EndGlobalSection
	GlobalSection(ProjectConfigurationPlatforms) = postSolution
		{5060BC31-930B-4365-9BB6-8C3C805B20DB}.Debug|Any CPU.ActiveCfg = Debug|Any CPU
		{5060BC31-930B-4365-9BB6-8C3C805B20DB}.Debug|Any CPU.Build.0 = Debug|Any CPU
		{5060BC31-930B-4365-9BB6-8C3C805B20DB}.Release|Any CPU.ActiveCfg = Release|Any CPU
		{5060BC31-930B-4365-9BB6-8C3C805B20DB}.Release|Any CPU.Build.0 = Release|Any CPU
	EndGlobalSection
	GlobalSection(SolutionProperties) = preSolution
		HideSolutionNode = FALSE
	EndGlobalSection
	GlobalSection(ExtensibilityGlobals) = postSolution
		SolutionGuid = {9133AB4F-919A-47DF-B9AE-D03F4D643990}
	EndGlobalSection
EndGlobal
